
Microsoft Visual Studio Solution File, Format Version 12.00
# Visual Studio 15
VisualStudioVersion = 15.0.28307.1433
MinimumVisualStudioVersion = 10.0.40219.1
Project("{FAE04EC0-301F-11D3-BF4B-00C04F79EFBC}") = "ConsoleApp22-dateTime", "ConsoleApp22-dateTime\ConsoleApp22-dateTime.csproj", "{1C6EDF38-AE9E-4068-B3CE-9EA26C260130}"
EndProject
Global
	GlobalSection(SolutionConfigurationPlatforms) = preSolution
		Debug|Any CPU = Debug|Any CPU
		Release|Any CPU = Release|Any CPU
	EndGlobalSection
	GlobalSection(ProjectConfigurationPlatforms) = postSolution
		{1C6EDF38-AE9E-4068-B3CE-9EA26C260130}.Debug|Any CPU.ActiveCfg = Debug|Any CPU
		{1C6EDF38-AE9E-4068-B3CE-9EA26C260130}.Debug|Any CPU.Build.0 = Debug|Any CPU
		{1C6EDF38-AE9E-4068-B3CE-9EA26C260130}.Release|Any CPU.ActiveCfg = Release|Any CPU
		{1C6EDF38-AE9E-4068-B3CE-9EA26C260130}.Release|Any CPU.Build.0 = Release|Any CPU
	EndGlobalSection
	GlobalSection(SolutionProperties) = preSolution
		HideSolutionNode = FALSE
	EndGlobalSection
	GlobalSection(ExtensibilityGlobals) = postSolution
		SolutionGuid = {726251B0-D634-4383-AAA7-14EDBB771875}
	EndGlobalSection
EndGlobal
