
Microsoft Visual Studio Solution File, Format Version 12.00
# Visual Studio 15
VisualStudioVersion = 15.0.28307.1433
MinimumVisualStudioVersion = 10.0.40219.1
Project("{FAE04EC0-301F-11D3-BF4B-00C04F79EFBC}") = "Ex004", "Ex004.csproj", "{69EBEC77-76D1-4B0C-B107-FA1C12C1532B}"
EndProject
Global
	GlobalSection(SolutionConfigurationPlatforms) = preSolution
		Debug|Any CPU = Debug|Any CPU
		Release|Any CPU = Release|Any CPU
	EndGlobalSection
	GlobalSection(ProjectConfigurationPlatforms) = postSolution
		{69EBEC77-76D1-4B0C-B107-FA1C12C1532B}.Debug|Any CPU.ActiveCfg = Debug|Any CPU
		{69EBEC77-76D1-4B0C-B107-FA1C12C1532B}.Debug|Any CPU.Build.0 = Debug|Any CPU
		{69EBEC77-76D1-4B0C-B107-FA1C12C1532B}.Release|Any CPU.ActiveCfg = Release|Any CPU
		{69EBEC77-76D1-4B0C-B107-FA1C12C1532B}.Release|Any CPU.Build.0 = Release|Any CPU
	EndGlobalSection
	GlobalSection(SolutionProperties) = preSolution
		HideSolutionNode = FALSE
	EndGlobalSection
	GlobalSection(ExtensibilityGlobals) = postSolution
		SolutionGuid = {52AB647F-8093-46B0-8BAF-1915F56B1A88}
	EndGlobalSection
EndGlobal
