
Microsoft Visual Studio Solution File, Format Version 12.00
# Visual Studio 15
VisualStudioVersion = 15.0.28307.1433
MinimumVisualStudioVersion = 10.0.40219.1
Project("{FAE04EC0-301F-11D3-BF4B-00C04F79EFBC}") = "ConsoleApp33_TratamentoExcecoes", "ConsoleApp33_TratamentoExcecoes\ConsoleApp33_TratamentoExcecoes.csproj", "{BD2679D9-8253-4B89-9AAB-E1C41AC820EB}"
EndProject
Global
	GlobalSection(SolutionConfigurationPlatforms) = preSolution
		Debug|Any CPU = Debug|Any CPU
		Release|Any CPU = Release|Any CPU
	EndGlobalSection
	GlobalSection(ProjectConfigurationPlatforms) = postSolution
		{BD2679D9-8253-4B89-9AAB-E1C41AC820EB}.Debug|Any CPU.ActiveCfg = Debug|Any CPU
		{BD2679D9-8253-4B89-9AAB-E1C41AC820EB}.Debug|Any CPU.Build.0 = Debug|Any CPU
		{BD2679D9-8253-4B89-9AAB-E1C41AC820EB}.Release|Any CPU.ActiveCfg = Release|Any CPU
		{BD2679D9-8253-4B89-9AAB-E1C41AC820EB}.Release|Any CPU.Build.0 = Release|Any CPU
	EndGlobalSection
	GlobalSection(SolutionProperties) = preSolution
		HideSolutionNode = FALSE
	EndGlobalSection
	GlobalSection(ExtensibilityGlobals) = postSolution
		SolutionGuid = {682BA3CB-5A2A-4B77-BF9A-BDB29D954FA1}
	EndGlobalSection
EndGlobal
