
Microsoft Visual Studio Solution File, Format Version 12.00
# Visual Studio 15
VisualStudioVersion = 15.0.28307.1433
MinimumVisualStudioVersion = 10.0.40219.1
Project("{FAE04EC0-301F-11D3-BF4B-00C04F79EFBC}") = "Ex_polimorfismo", "Ex_polimorfismo\Ex_polimorfismo.csproj", "{9AAB325D-2E75-467D-99D6-9EBE5C21C06B}"
EndProject
Global
	GlobalSection(SolutionConfigurationPlatforms) = preSolution
		Debug|Any CPU = Debug|Any CPU
		Release|Any CPU = Release|Any CPU
	EndGlobalSection
	GlobalSection(ProjectConfigurationPlatforms) = postSolution
		{9AAB325D-2E75-467D-99D6-9EBE5C21C06B}.Debug|Any CPU.ActiveCfg = Debug|Any CPU
		{9AAB325D-2E75-467D-99D6-9EBE5C21C06B}.Debug|Any CPU.Build.0 = Debug|Any CPU
		{9AAB325D-2E75-467D-99D6-9EBE5C21C06B}.Release|Any CPU.ActiveCfg = Release|Any CPU
		{9AAB325D-2E75-467D-99D6-9EBE5C21C06B}.Release|Any CPU.Build.0 = Release|Any CPU
	EndGlobalSection
	GlobalSection(SolutionProperties) = preSolution
		HideSolutionNode = FALSE
	EndGlobalSection
	GlobalSection(ExtensibilityGlobals) = postSolution
		SolutionGuid = {C8BD3452-1098-4494-9A7A-EEB7526845AE}
	EndGlobalSection
EndGlobal
