
Microsoft Visual Studio Solution File, Format Version 12.00
# Visual Studio 15
VisualStudioVersion = 15.0.28307.1433
MinimumVisualStudioVersion = 10.0.40219.1
Project("{FAE04EC0-301F-11D3-BF4B-00C04F79EFBC}") = "wpf002", "wpf002.csproj", "{99A18343-8BE0-4860-9512-5C2996C088BF}"
EndProject
Global
	GlobalSection(SolutionConfigurationPlatforms) = preSolution
		Debug|Any CPU = Debug|Any CPU
		Release|Any CPU = Release|Any CPU
	EndGlobalSection
	GlobalSection(ProjectConfigurationPlatforms) = postSolution
		{99A18343-8BE0-4860-9512-5C2996C088BF}.Debug|Any CPU.ActiveCfg = Debug|Any CPU
		{99A18343-8BE0-4860-9512-5C2996C088BF}.Debug|Any CPU.Build.0 = Debug|Any CPU
		{99A18343-8BE0-4860-9512-5C2996C088BF}.Release|Any CPU.ActiveCfg = Release|Any CPU
		{99A18343-8BE0-4860-9512-5C2996C088BF}.Release|Any CPU.Build.0 = Release|Any CPU
	EndGlobalSection
	GlobalSection(SolutionProperties) = preSolution
		HideSolutionNode = FALSE
	EndGlobalSection
	GlobalSection(ExtensibilityGlobals) = postSolution
		SolutionGuid = {F17B6EA4-7925-4E13-89D0-890D4D6004D9}
	EndGlobalSection
EndGlobal
