
Microsoft Visual Studio Solution File, Format Version 12.00
# Visual Studio 15
VisualStudioVersion = 15.0.28307.1433
MinimumVisualStudioVersion = 10.0.40219.1
Project("{FAE04EC0-301F-11D3-BF4B-00C04F79EFBC}") = "ConsoleApp14-vetores", "ConsoleApp14-vetores\ConsoleApp14-vetores.csproj", "{523F0FC2-473A-41C4-9BCC-1EBA2331257A}"
EndProject
Global
	GlobalSection(SolutionConfigurationPlatforms) = preSolution
		Debug|Any CPU = Debug|Any CPU
		Release|Any CPU = Release|Any CPU
	EndGlobalSection
	GlobalSection(ProjectConfigurationPlatforms) = postSolution
		{523F0FC2-473A-41C4-9BCC-1EBA2331257A}.Debug|Any CPU.ActiveCfg = Debug|Any CPU
		{523F0FC2-473A-41C4-9BCC-1EBA2331257A}.Debug|Any CPU.Build.0 = Debug|Any CPU
		{523F0FC2-473A-41C4-9BCC-1EBA2331257A}.Release|Any CPU.ActiveCfg = Release|Any CPU
		{523F0FC2-473A-41C4-9BCC-1EBA2331257A}.Release|Any CPU.Build.0 = Release|Any CPU
	EndGlobalSection
	GlobalSection(SolutionProperties) = preSolution
		HideSolutionNode = FALSE
	EndGlobalSection
	GlobalSection(ExtensibilityGlobals) = postSolution
		SolutionGuid = {491B8A3C-0D54-4415-A087-6FBAE207BB9B}
	EndGlobalSection
EndGlobal
