
Microsoft Visual Studio Solution File, Format Version 12.00
# Visual Studio 15
VisualStudioVersion = 15.0.28307.1433
MinimumVisualStudioVersion = 10.0.40219.1
Project("{FAE04EC0-301F-11D3-BF4B-00C04F79EFBC}") = "ex001", "ex001\ex001.csproj", "{DD6CAF21-EC95-4E41-A792-10BED0136AAF}"
EndProject
Global
	GlobalSection(SolutionConfigurationPlatforms) = preSolution
		Debug|Any CPU = Debug|Any CPU
		Release|Any CPU = Release|Any CPU
	EndGlobalSection
	GlobalSection(ProjectConfigurationPlatforms) = postSolution
		{DD6CAF21-EC95-4E41-A792-10BED0136AAF}.Debug|Any CPU.ActiveCfg = Debug|Any CPU
		{DD6CAF21-EC95-4E41-A792-10BED0136AAF}.Debug|Any CPU.Build.0 = Debug|Any CPU
		{DD6CAF21-EC95-4E41-A792-10BED0136AAF}.Release|Any CPU.ActiveCfg = Release|Any CPU
		{DD6CAF21-EC95-4E41-A792-10BED0136AAF}.Release|Any CPU.Build.0 = Release|Any CPU
	EndGlobalSection
	GlobalSection(SolutionProperties) = preSolution
		HideSolutionNode = FALSE
	EndGlobalSection
	GlobalSection(ExtensibilityGlobals) = postSolution
		SolutionGuid = {66807911-2322-48CE-A5DE-8FC4CD8A57C1}
	EndGlobalSection
EndGlobal
