
Microsoft Visual Studio Solution File, Format Version 12.00
# Visual Studio 15
VisualStudioVersion = 15.0.28307.1433
MinimumVisualStudioVersion = 10.0.40219.1
Project("{FAE04EC0-301F-11D3-BF4B-00C04F79EFBC}") = "ConsoleApp13-struct-tipos-referencia-e-valor", "ConsoleApp13-struct-tipos-referencia-e-valor\ConsoleApp13-struct-tipos-referencia-e-valor.csproj", "{7D347945-8022-43F8-B141-9D01B2670C5C}"
EndProject
Global
	GlobalSection(SolutionConfigurationPlatforms) = preSolution
		Debug|Any CPU = Debug|Any CPU
		Release|Any CPU = Release|Any CPU
	EndGlobalSection
	GlobalSection(ProjectConfigurationPlatforms) = postSolution
		{7D347945-8022-43F8-B141-9D01B2670C5C}.Debug|Any CPU.ActiveCfg = Debug|Any CPU
		{7D347945-8022-43F8-B141-9D01B2670C5C}.Debug|Any CPU.Build.0 = Debug|Any CPU
		{7D347945-8022-43F8-B141-9D01B2670C5C}.Release|Any CPU.ActiveCfg = Release|Any CPU
		{7D347945-8022-43F8-B141-9D01B2670C5C}.Release|Any CPU.Build.0 = Release|Any CPU
	EndGlobalSection
	GlobalSection(SolutionProperties) = preSolution
		HideSolutionNode = FALSE
	EndGlobalSection
	GlobalSection(ExtensibilityGlobals) = postSolution
		SolutionGuid = {45321D5F-BDDD-4EEE-9F06-8AFE58CED3CA}
	EndGlobalSection
EndGlobal
