
Microsoft Visual Studio Solution File, Format Version 12.00
# Visual Studio 15
VisualStudioVersion = 15.0.28307.1433
MinimumVisualStudioVersion = 10.0.40219.1
Project("{FAE04EC0-301F-11D3-BF4B-00C04F79EFBC}") = "ConsoleApp25-iso8601", "ConsoleApp25-iso8601\ConsoleApp25-iso8601.csproj", "{9B63E883-0F7F-4B50-8CDB-D95FFC93752C}"
EndProject
Global
	GlobalSection(SolutionConfigurationPlatforms) = preSolution
		Debug|Any CPU = Debug|Any CPU
		Release|Any CPU = Release|Any CPU
	EndGlobalSection
	GlobalSection(ProjectConfigurationPlatforms) = postSolution
		{9B63E883-0F7F-4B50-8CDB-D95FFC93752C}.Debug|Any CPU.ActiveCfg = Debug|Any CPU
		{9B63E883-0F7F-4B50-8CDB-D95FFC93752C}.Debug|Any CPU.Build.0 = Debug|Any CPU
		{9B63E883-0F7F-4B50-8CDB-D95FFC93752C}.Release|Any CPU.ActiveCfg = Release|Any CPU
		{9B63E883-0F7F-4B50-8CDB-D95FFC93752C}.Release|Any CPU.Build.0 = Release|Any CPU
	EndGlobalSection
	GlobalSection(SolutionProperties) = preSolution
		HideSolutionNode = FALSE
	EndGlobalSection
	GlobalSection(ExtensibilityGlobals) = postSolution
		SolutionGuid = {3B8208B5-88B2-43BD-A9DC-2AAD5833209E}
	EndGlobalSection
EndGlobal
