
Microsoft Visual Studio Solution File, Format Version 12.00
# Visual Studio 15
VisualStudioVersion = 15.0.28307.1433
MinimumVisualStudioVersion = 10.0.40219.1
Project("{FAE04EC0-301F-11D3-BF4B-00C04F79EFBC}") = "ConsoleApp38-BlocoUsing", "ConsoleApp38-BlocoUsing\ConsoleApp38-BlocoUsing.csproj", "{21672091-7330-4142-90E2-D026915D3536}"
EndProject
Global
	GlobalSection(SolutionConfigurationPlatforms) = preSolution
		Debug|Any CPU = Debug|Any CPU
		Release|Any CPU = Release|Any CPU
	EndGlobalSection
	GlobalSection(ProjectConfigurationPlatforms) = postSolution
		{21672091-7330-4142-90E2-D026915D3536}.Debug|Any CPU.ActiveCfg = Debug|Any CPU
		{21672091-7330-4142-90E2-D026915D3536}.Debug|Any CPU.Build.0 = Debug|Any CPU
		{21672091-7330-4142-90E2-D026915D3536}.Release|Any CPU.ActiveCfg = Release|Any CPU
		{21672091-7330-4142-90E2-D026915D3536}.Release|Any CPU.Build.0 = Release|Any CPU
	EndGlobalSection
	GlobalSection(SolutionProperties) = preSolution
		HideSolutionNode = FALSE
	EndGlobalSection
	GlobalSection(ExtensibilityGlobals) = postSolution
		SolutionGuid = {B6FEE273-6BFB-4CF9-A669-F9CA9A38C046}
	EndGlobalSection
EndGlobal
