
Microsoft Visual Studio Solution File, Format Version 12.00
# Visual Studio 15
VisualStudioVersion = 15.0.28307.1433
MinimumVisualStudioVersion = 10.0.40219.1
Project("{FAE04EC0-301F-11D3-BF4B-00C04F79EFBC}") = "ExInterfaceTentativa3", "ExInterfaceTentativa3\ExInterfaceTentativa3.csproj", "{C4921001-DE22-45E7-B49D-BB849EF9E41A}"
EndProject
Global
	GlobalSection(SolutionConfigurationPlatforms) = preSolution
		Debug|Any CPU = Debug|Any CPU
		Release|Any CPU = Release|Any CPU
	EndGlobalSection
	GlobalSection(ProjectConfigurationPlatforms) = postSolution
		{C4921001-DE22-45E7-B49D-BB849EF9E41A}.Debug|Any CPU.ActiveCfg = Debug|Any CPU
		{C4921001-DE22-45E7-B49D-BB849EF9E41A}.Debug|Any CPU.Build.0 = Debug|Any CPU
		{C4921001-DE22-45E7-B49D-BB849EF9E41A}.Release|Any CPU.ActiveCfg = Release|Any CPU
		{C4921001-DE22-45E7-B49D-BB849EF9E41A}.Release|Any CPU.Build.0 = Release|Any CPU
	EndGlobalSection
	GlobalSection(SolutionProperties) = preSolution
		HideSolutionNode = FALSE
	EndGlobalSection
	GlobalSection(ExtensibilityGlobals) = postSolution
		SolutionGuid = {A17A2B0B-14D1-4CE8-A34A-57113A961B68}
	EndGlobalSection
EndGlobal
